
Microsoft Visual Studio Solution File, Format Version 12.00
# Visual Studio 15
VisualStudioVersion = 15.0.27428.2015
MinimumVisualStudioVersion = 10.0.40219.1
Project("{FAE04EC0-301F-11D3-BF4B-00C04F79EFBC}") = "ThreadingException", "Threading\ThreadingException.csproj", "{BF3FF7EE-DB0C-45CF-BBAD-BC47C286C6DC}"
EndProject
Project("{FAE04EC0-301F-11D3-BF4B-00C04F79EFBC}") = "BasicsThreading", "BasicsThreading\BasicsThreading.csproj", "{D1C8A933-F8BD-46A1-9D39-D934646E48C7}"
EndProject
Project("{FAE04EC0-301F-11D3-BF4B-00C04F79EFBC}") = "ThreadPoolDemo", "ThreadPool\ThreadPoolDemo.csproj", "{15AF03C7-469A-4FF0-8465-D5CAE6C46CE8}"
EndProject
Project("{FAE04EC0-301F-11D3-BF4B-00C04F79EFBC}") = "ThreadDelegate", "ThreadDelegate\ThreadDelegate.csproj", "{9DED0261-C0DD-450A-85C1-9E2D84E04372}"
EndProject
Project("{2150E333-8FDC-42A3-9474-1A3956D46DE8}") = "Threading", "Threading", "{CF700AD5-8897-466B-B1FF-312FAB53F028}"
EndProject
Project("{2150E333-8FDC-42A3-9474-1A3956D46DE8}") = "ThreadSynchronization", "ThreadSynchronization", "{DF2340DC-5036-4DA5-917E-9C8CEAB99129}"
EndProject
Project("{FAE04EC0-301F-11D3-BF4B-00C04F79EFBC}") = "CriticalSection", "CriticalSection\CriticalSection.csproj", "{F0F5ECD1-0978-46E3-8FCA-4F60E45ED77E}"
EndProject
Project("{FAE04EC0-301F-11D3-BF4B-00C04F79EFBC}") = "ThreadingBlog", "ThreadingBlog\ThreadingBlog.csproj", "{6350354C-C322-4BC5-B323-DD8739426511}"
EndProject
Project("{FAE04EC0-301F-11D3-BF4B-00C04F79EFBC}") = "ThreadSync", "ThreadSync\ThreadSync.csproj", "{26204468-6502-4934-AABD-0886D7D9E8EA}"
EndProject
Global
	GlobalSection(SolutionConfigurationPlatforms) = preSolution
		Debug|Any CPU = Debug|Any CPU
		Release|Any CPU = Release|Any CPU
	EndGlobalSection
	GlobalSection(ProjectConfigurationPlatforms) = postSolution
		{BF3FF7EE-DB0C-45CF-BBAD-BC47C286C6DC}.Debug|Any CPU.ActiveCfg = Debug|Any CPU
		{BF3FF7EE-DB0C-45CF-BBAD-BC47C286C6DC}.Debug|Any CPU.Build.0 = Debug|Any CPU
		{BF3FF7EE-DB0C-45CF-BBAD-BC47C286C6DC}.Release|Any CPU.ActiveCfg = Release|Any CPU
		{BF3FF7EE-DB0C-45CF-BBAD-BC47C286C6DC}.Release|Any CPU.Build.0 = Release|Any CPU
		{D1C8A933-F8BD-46A1-9D39-D934646E48C7}.Debug|Any CPU.ActiveCfg = Debug|Any CPU
		{D1C8A933-F8BD-46A1-9D39-D934646E48C7}.Debug|Any CPU.Build.0 = Debug|Any CPU
		{D1C8A933-F8BD-46A1-9D39-D934646E48C7}.Release|Any CPU.ActiveCfg = Release|Any CPU
		{D1C8A933-F8BD-46A1-9D39-D934646E48C7}.Release|Any CPU.Build.0 = Release|Any CPU
		{15AF03C7-469A-4FF0-8465-D5CAE6C46CE8}.Debug|Any CPU.ActiveCfg = Debug|Any CPU
		{15AF03C7-469A-4FF0-8465-D5CAE6C46CE8}.Debug|Any CPU.Build.0 = Debug|Any CPU
		{15AF03C7-469A-4FF0-8465-D5CAE6C46CE8}.Release|Any CPU.ActiveCfg = Release|Any CPU
		{15AF03C7-469A-4FF0-8465-D5CAE6C46CE8}.Release|Any CPU.Build.0 = Release|Any CPU
		{9DED0261-C0DD-450A-85C1-9E2D84E04372}.Debug|Any CPU.ActiveCfg = Debug|Any CPU
		{9DED0261-C0DD-450A-85C1-9E2D84E04372}.Debug|Any CPU.Build.0 = Debug|Any CPU
		{9DED0261-C0DD-450A-85C1-9E2D84E04372}.Release|Any CPU.ActiveCfg = Release|Any CPU
		{9DED0261-C0DD-450A-85C1-9E2D84E04372}.Release|Any CPU.Build.0 = Release|Any CPU
		{F0F5ECD1-0978-46E3-8FCA-4F60E45ED77E}.Debug|Any CPU.ActiveCfg = Debug|Any CPU
		{F0F5ECD1-0978-46E3-8FCA-4F60E45ED77E}.Debug|Any CPU.Build.0 = Debug|Any CPU
		{F0F5ECD1-0978-46E3-8FCA-4F60E45ED77E}.Release|Any CPU.ActiveCfg = Release|Any CPU
		{F0F5ECD1-0978-46E3-8FCA-4F60E45ED77E}.Release|Any CPU.Build.0 = Release|Any CPU
		{6350354C-C322-4BC5-B323-DD8739426511}.Debug|Any CPU.ActiveCfg = Debug|Any CPU
		{6350354C-C322-4BC5-B323-DD8739426511}.Debug|Any CPU.Build.0 = Debug|Any CPU
		{6350354C-C322-4BC5-B323-DD8739426511}.Release|Any CPU.ActiveCfg = Release|Any CPU
		{6350354C-C322-4BC5-B323-DD8739426511}.Release|Any CPU.Build.0 = Release|Any CPU
		{26204468-6502-4934-AABD-0886D7D9E8EA}.Debug|Any CPU.ActiveCfg = Debug|Any CPU
		{26204468-6502-4934-AABD-0886D7D9E8EA}.Debug|Any CPU.Build.0 = Debug|Any CPU
		{26204468-6502-4934-AABD-0886D7D9E8EA}.Release|Any CPU.ActiveCfg = Release|Any CPU
		{26204468-6502-4934-AABD-0886D7D9E8EA}.Release|Any CPU.Build.0 = Release|Any CPU
	EndGlobalSection
	GlobalSection(SolutionProperties) = preSolution
		HideSolutionNode = FALSE
	EndGlobalSection
	GlobalSection(NestedProjects) = preSolution
		{BF3FF7EE-DB0C-45CF-BBAD-BC47C286C6DC} = {CF700AD5-8897-466B-B1FF-312FAB53F028}
		{D1C8A933-F8BD-46A1-9D39-D934646E48C7} = {CF700AD5-8897-466B-B1FF-312FAB53F028}
		{15AF03C7-469A-4FF0-8465-D5CAE6C46CE8} = {CF700AD5-8897-466B-B1FF-312FAB53F028}
		{9DED0261-C0DD-450A-85C1-9E2D84E04372} = {CF700AD5-8897-466B-B1FF-312FAB53F028}
		{F0F5ECD1-0978-46E3-8FCA-4F60E45ED77E} = {DF2340DC-5036-4DA5-917E-9C8CEAB99129}
		{6350354C-C322-4BC5-B323-DD8739426511} = {CF700AD5-8897-466B-B1FF-312FAB53F028}
		{26204468-6502-4934-AABD-0886D7D9E8EA} = {DF2340DC-5036-4DA5-917E-9C8CEAB99129}
	EndGlobalSection
	GlobalSection(ExtensibilityGlobals) = postSolution
		SolutionGuid = {DFE4BF28-8488-464B-81D3-40D8C0A30063}
	EndGlobalSection
EndGlobal
