
Microsoft Visual Studio Solution File, Format Version 12.00
# Visual Studio 15
VisualStudioVersion = 15.0.27428.2015
MinimumVisualStudioVersion = 10.0.40219.1
Project("{FAE04EC0-301F-11D3-BF4B-00C04F79EFBC}") = "ThraedingNew", "ThraedingNew\ThraedingNew.csproj", "{C55A8D2D-E1C4-4081-A4FF-C3537C1BF48A}"
EndProject
Project("{FAE04EC0-301F-11D3-BF4B-00C04F79EFBC}") = "ThreadingStatic", "ThreadingStatic\ThreadingStatic.csproj", "{5EC85FD6-3351-4967-A52C-0D0BB22D3D0E}"
EndProject
Global
	GlobalSection(SolutionConfigurationPlatforms) = preSolution
		Debug|Any CPU = Debug|Any CPU
		Release|Any CPU = Release|Any CPU
	EndGlobalSection
	GlobalSection(ProjectConfigurationPlatforms) = postSolution
		{C55A8D2D-E1C4-4081-A4FF-C3537C1BF48A}.Debug|Any CPU.ActiveCfg = Debug|Any CPU
		{C55A8D2D-E1C4-4081-A4FF-C3537C1BF48A}.Debug|Any CPU.Build.0 = Debug|Any CPU
		{C55A8D2D-E1C4-4081-A4FF-C3537C1BF48A}.Release|Any CPU.ActiveCfg = Release|Any CPU
		{C55A8D2D-E1C4-4081-A4FF-C3537C1BF48A}.Release|Any CPU.Build.0 = Release|Any CPU
		{5EC85FD6-3351-4967-A52C-0D0BB22D3D0E}.Debug|Any CPU.ActiveCfg = Debug|Any CPU
		{5EC85FD6-3351-4967-A52C-0D0BB22D3D0E}.Debug|Any CPU.Build.0 = Debug|Any CPU
		{5EC85FD6-3351-4967-A52C-0D0BB22D3D0E}.Release|Any CPU.ActiveCfg = Release|Any CPU
		{5EC85FD6-3351-4967-A52C-0D0BB22D3D0E}.Release|Any CPU.Build.0 = Release|Any CPU
	EndGlobalSection
	GlobalSection(SolutionProperties) = preSolution
		HideSolutionNode = FALSE
	EndGlobalSection
	GlobalSection(ExtensibilityGlobals) = postSolution
		SolutionGuid = {42DB0732-0816-4B89-9B63-41CA36C36B28}
	EndGlobalSection
EndGlobal
