
Microsoft Visual Studio Solution File, Format Version 12.00
# Visual Studio 15
VisualStudioVersion = 15.0.27428.2015
MinimumVisualStudioVersion = 10.0.40219.1
Project("{FAE04EC0-301F-11D3-BF4B-00C04F79EFBC}") = "EnumeratorExample", "EnumeratorExample\EnumeratorExample.csproj", "{E124B3BF-E67F-4092-BB94-251E42AACADD}"
EndProject
Project("{FAE04EC0-301F-11D3-BF4B-00C04F79EFBC}") = "EnumerableEnumeratorExample", "EnumerableEnumeratorExample\EnumerableEnumeratorExample.csproj", "{59E45F6E-5BA5-4E3B-AF64-448C2A4F6AB2}"
EndProject
Global
	GlobalSection(SolutionConfigurationPlatforms) = preSolution
		Debug|Any CPU = Debug|Any CPU
		Release|Any CPU = Release|Any CPU
	EndGlobalSection
	GlobalSection(ProjectConfigurationPlatforms) = postSolution
		{E124B3BF-E67F-4092-BB94-251E42AACADD}.Debug|Any CPU.ActiveCfg = Debug|Any CPU
		{E124B3BF-E67F-4092-BB94-251E42AACADD}.Debug|Any CPU.Build.0 = Debug|Any CPU
		{E124B3BF-E67F-4092-BB94-251E42AACADD}.Release|Any CPU.ActiveCfg = Release|Any CPU
		{E124B3BF-E67F-4092-BB94-251E42AACADD}.Release|Any CPU.Build.0 = Release|Any CPU
		{59E45F6E-5BA5-4E3B-AF64-448C2A4F6AB2}.Debug|Any CPU.ActiveCfg = Debug|Any CPU
		{59E45F6E-5BA5-4E3B-AF64-448C2A4F6AB2}.Debug|Any CPU.Build.0 = Debug|Any CPU
		{59E45F6E-5BA5-4E3B-AF64-448C2A4F6AB2}.Release|Any CPU.ActiveCfg = Release|Any CPU
		{59E45F6E-5BA5-4E3B-AF64-448C2A4F6AB2}.Release|Any CPU.Build.0 = Release|Any CPU
	EndGlobalSection
	GlobalSection(SolutionProperties) = preSolution
		HideSolutionNode = FALSE
	EndGlobalSection
	GlobalSection(ExtensibilityGlobals) = postSolution
		SolutionGuid = {1033D17A-91D8-4D4D-940A-CAE48A662737}
	EndGlobalSection
EndGlobal
